
Microsoft Visual Studio Solution File, Format Version 12.00
Project("{FAE04EC0-301F-11D3-BF4B-00C04F79EFBC}") = "PasswordStorageService", "PasswordStorageService\PasswordStorageService.csproj", "{ECD722DA-4AA2-42F4-A360-CE3D36527B1C}"
EndProject
Project("{FAE04EC0-301F-11D3-BF4B-00C04F79EFBC}") = "PasswordManager.Common", "PasswordManager.Common\PasswordManager.Common.csproj", "{B2C8DB0A-71CA-45C9-A82A-C046AA7F1EE7}"
EndProject
Global
	GlobalSection(SolutionConfigurationPlatforms) = preSolution
		Debug|Any CPU = Debug|Any CPU
		Release|Any CPU = Release|Any CPU
	EndGlobalSection
	GlobalSection(ProjectConfigurationPlatforms) = postSolution
		{ECD722DA-4AA2-42F4-A360-CE3D36527B1C}.Debug|Any CPU.ActiveCfg = Debug|Any CPU
		{ECD722DA-4AA2-42F4-A360-CE3D36527B1C}.Debug|Any CPU.Build.0 = Debug|Any CPU
		{ECD722DA-4AA2-42F4-A360-CE3D36527B1C}.Release|Any CPU.ActiveCfg = Release|Any CPU
		{ECD722DA-4AA2-42F4-A360-CE3D36527B1C}.Release|Any CPU.Build.0 = Release|Any CPU
		{B2C8DB0A-71CA-45C9-A82A-C046AA7F1EE7}.Debug|Any CPU.ActiveCfg = Debug|Any CPU
		{B2C8DB0A-71CA-45C9-A82A-C046AA7F1EE7}.Debug|Any CPU.Build.0 = Debug|Any CPU
		{B2C8DB0A-71CA-45C9-A82A-C046AA7F1EE7}.Release|Any CPU.ActiveCfg = Release|Any CPU
		{B2C8DB0A-71CA-45C9-A82A-C046AA7F1EE7}.Release|Any CPU.Build.0 = Release|Any CPU
	EndGlobalSection
EndGlobal
